
Microsoft Visual Studio Solution File, Format Version 12.00
# Visual Studio Version 16
VisualStudioVersion = 16.0.30907.101
MinimumVisualStudioVersion = 10.0.40219.1
Project("{9A19103F-16F7-4668-BE54-9A1E7A4F7556}") = "API", "API\API.csproj", "{7C6449BB-2428-440B-957B-0E3DC8A1E970}"
EndProject
Global
	GlobalSection(SolutionConfigurationPlatforms) = preSolution
		Debug|Any CPU = Debug|Any CPU
		Release|Any CPU = Release|Any CPU
	EndGlobalSection
	GlobalSection(ProjectConfigurationPlatforms) = postSolution
		{7C6449BB-2428-440B-957B-0E3DC8A1E970}.Debug|Any CPU.ActiveCfg = Debug|Any CPU
		{7C6449BB-2428-440B-957B-0E3DC8A1E970}.Debug|Any CPU.Build.0 = Debug|Any CPU
		{7C6449BB-2428-440B-957B-0E3DC8A1E970}.Release|Any CPU.ActiveCfg = Release|Any CPU
		{7C6449BB-2428-440B-957B-0E3DC8A1E970}.Release|Any CPU.Build.0 = Release|Any CPU
	EndGlobalSection
	GlobalSection(SolutionProperties) = preSolution
		HideSolutionNode = FALSE
	EndGlobalSection
	GlobalSection(ExtensibilityGlobals) = postSolution
		SolutionGuid = {A7936A0F-C9AF-44FC-BC47-A605C6D72573}
	EndGlobalSection
EndGlobal
